{
  "name": "quickstarts",
  "version": "0.0.1",
  "lockfileVersion": 2,
  "requires": true,
  "packages": {
    "": {
      "name": "quickstarts",
      "version": "0.0.1",
      "license": "MIT",
      "devDependencies": {
        "algoliasearch": "^4.10.5",
        "dotenv": "^10.0.0"
      }
    },
    "node_modules/@algolia/cache-browser-local-storage": {
      "version": "4.10.5",
      "resolved": "https://registry.npmjs.org/@algolia/cache-browser-local-storage/-/cache-browser-local-storage-4.10.5.tgz",
      "integrity": "sha512-cfX2rEKOtuuljcGI5DMDHClwZHdDqd2nT2Ohsc8aHtBiz6bUxKVyIqxr2gaC6tU8AgPtrTVBzcxCA+UavXpKww==",
      "dev": true,
      "dependencies": {
        "@algolia/cache-common": "4.10.5"
      }
    },
    "node_modules/@algolia/cache-common": {
      "version": "4.10.5",
      "resolved": "https://registry.npmjs.org/@algolia/cache-common/-/cache-common-4.10.5.tgz",
      "integrity": "sha512-1mClwdmTHll+OnHkG+yeRoFM17kSxDs4qXkjf6rNZhoZGXDvfYLy3YcZ1FX4Kyz0DJv8aroq5RYGBDsWkHj6Tw==",
      "dev": true
    },
    "node_modules/@algolia/cache-in-memory": {
      "version": "4.10.5",
      "resolved": "https://registry.npmjs.org/@algolia/cache-in-memory/-/cache-in-memory-4.10.5.tgz",
      "integrity": "sha512-+ciQnfIGi5wjMk02XhEY8fmy2pzy+oY1nIIfu8LBOglaSipCRAtjk6WhHc7/KIbXPiYzIwuDbM2K1+YOwSGjwA==",
      "dev": true,
      "dependencies": {
        "@algolia/cache-common": "4.10.5"
      }
    },
    "node_modules/@algolia/client-account": {
      "version": "4.10.5",
      "resolved": "https://registry.npmjs.org/@algolia/client-account/-/client-account-4.10.5.tgz",
      "integrity": "sha512-I9UkSS2glXm7RBZYZIALjBMmXSQbw/fI/djPcBHxiwXIheNIlqIFl2SNPkvihpPF979BSkzjqdJNRPhE1vku3Q==",
      "dev": true,
      "dependencies": {
        "@algolia/client-common": "4.10.5",
        "@algolia/client-search": "4.10.5",
        "@algolia/transporter": "4.10.5"
      }
    },
    "node_modules/@algolia/client-analytics": {
      "version": "4.10.5",
      "resolved": "https://registry.npmjs.org/@algolia/client-analytics/-/client-analytics-4.10.5.tgz",
      "integrity": "sha512-h2owwJSkovPxzc+xIsjY1pMl0gj+jdVwP9rcnGjlaTY2fqHbSLrR9yvGyyr6305LvTppxsQnfAbRdE/5Z3eFxw==",
      "dev": true,
      "dependencies": {
        "@algolia/client-common": "4.10.5",
        "@algolia/client-search": "4.10.5",
        "@algolia/requester-common": "4.10.5",
        "@algolia/transporter": "4.10.5"
      }
    },
    "node_modules/@algolia/client-common": {
      "version": "4.10.5",
      "resolved": "https://registry.npmjs.org/@algolia/client-common/-/client-common-4.10.5.tgz",
      "integrity": "sha512-21FAvIai5qm8DVmZHm2Gp4LssQ/a0nWwMchAx+1hIRj1TX7OcdW6oZDPyZ8asQdvTtK7rStQrRnD8a95SCUnzA==",
      "dev": true,
      "dependencies": {
        "@algolia/requester-common": "4.10.5",
        "@algolia/transporter": "4.10.5"
      }
    },
    "node_modules/@algolia/client-personalization": {
      "version": "4.10.5",
      "resolved": "https://registry.npmjs.org/@algolia/client-personalization/-/client-personalization-4.10.5.tgz",
      "integrity": "sha512-nH+IyFKBi8tCyzGOanJTbXC5t4dspSovX3+ABfmwKWUYllYzmiQNFUadpb3qo+MLA3jFx5IwBesjneN6dD5o3w==",
      "dev": true,
      "dependencies": {
        "@algolia/client-common": "4.10.5",
        "@algolia/requester-common": "4.10.5",
        "@algolia/transporter": "4.10.5"
      }
    },
    "node_modules/@algolia/client-search": {
      "version": "4.10.5",
      "resolved": "https://registry.npmjs.org/@algolia/client-search/-/client-search-4.10.5.tgz",
      "integrity": "sha512-1eQFMz9uodrc5OM+9HeT+hHcfR1E1AsgFWXwyJ9Q3xejA2c1c4eObGgOgC9ZoshuHHdptaTN1m3rexqAxXRDBg==",
      "dev": true,
      "dependencies": {
        "@algolia/client-common": "4.10.5",
        "@algolia/requester-common": "4.10.5",
        "@algolia/transporter": "4.10.5"
      }
    },
    "node_modules/@algolia/logger-common": {
      "version": "4.10.5",
      "resolved": "https://registry.npmjs.org/@algolia/logger-common/-/logger-common-4.10.5.tgz",
      "integrity": "sha512-gRJo9zt1UYP4k3woEmZm4iuEBIQd/FrArIsjzsL/b+ihNoOqIxZKTSuGFU4UUZOEhvmxDReiA4gzvQXG+TMTmA==",
      "dev": true
    },
    "node_modules/@algolia/logger-console": {
      "version": "4.10.5",
      "resolved": "https://registry.npmjs.org/@algolia/logger-console/-/logger-console-4.10.5.tgz",
      "integrity": "sha512-4WfIbn4253EDU12u9UiYvz+QTvAXDv39mKNg9xSoMCjKE5szcQxfcSczw2byc6pYhahOJ9PmxPBfs1doqsdTKQ==",
      "dev": true,
      "dependencies": {
        "@algolia/logger-common": "4.10.5"
      }
    },
    "node_modules/@algolia/requester-browser-xhr": {
      "version": "4.10.5",
      "resolved": "https://registry.npmjs.org/@algolia/requester-browser-xhr/-/requester-browser-xhr-4.10.5.tgz",
      "integrity": "sha512-53/MURQEqtK+bGdfq4ITSPwTh5hnADU99qzvpAINGQveUFNSFGERipJxHjTJjIrjFz3vxj5kKwjtxDnU6ygO9g==",
      "dev": true,
      "dependencies": {
        "@algolia/requester-common": "4.10.5"
      }
    },
    "node_modules/@algolia/requester-common": {
      "version": "4.10.5",
      "resolved": "https://registry.npmjs.org/@algolia/requester-common/-/requester-common-4.10.5.tgz",
      "integrity": "sha512-UkVa1Oyuj6NPiAEt5ZvrbVopEv1m/mKqjs40KLB+dvfZnNcj+9Fry4Oxnt15HMy/HLORXsx4UwcthAvBuOXE9Q==",
      "dev": true
    },
    "node_modules/@algolia/requester-node-http": {
      "version": "4.10.5",
      "resolved": "https://registry.npmjs.org/@algolia/requester-node-http/-/requester-node-http-4.10.5.tgz",
      "integrity": "sha512-aNEKVKXL4fiiC+bS7yJwAHdxln81ieBwY3tsMCtM4zF9f5KwCzY2OtN4WKEZa5AAADVcghSAUdyjs4AcGUlO5w==",
      "dev": true,
      "dependencies": {
        "@algolia/requester-common": "4.10.5"
      }
    },
    "node_modules/@algolia/transporter": {
      "version": "4.10.5",
      "resolved": "https://registry.npmjs.org/@algolia/transporter/-/transporter-4.10.5.tgz",
      "integrity": "sha512-F8DLkmIlvCoMwSCZA3FKHtmdjH3o5clbt0pi2ktFStVNpC6ZDmY307HcK619bKP5xW6h8sVJhcvrLB775D2cyA==",
      "dev": true,
      "dependencies": {
        "@algolia/cache-common": "4.10.5",
        "@algolia/logger-common": "4.10.5",
        "@algolia/requester-common": "4.10.5"
      }
    },
    "node_modules/algoliasearch": {
      "version": "4.10.5",
      "resolved": "https://registry.npmjs.org/algoliasearch/-/algoliasearch-4.10.5.tgz",
      "integrity": "sha512-KmH2XkiN+8FxhND4nWFbQDkIoU6g2OjfeU9kIv4Lb+EiOOs3Gpp7jvd+JnatsCisAZsnWQdjd7zVlW7I/85QvQ==",
      "dev": true,
      "dependencies": {
        "@algolia/cache-browser-local-storage": "4.10.5",
        "@algolia/cache-common": "4.10.5",
        "@algolia/cache-in-memory": "4.10.5",
        "@algolia/client-account": "4.10.5",
        "@algolia/client-analytics": "4.10.5",
        "@algolia/client-common": "4.10.5",
        "@algolia/client-personalization": "4.10.5",
        "@algolia/client-search": "4.10.5",
        "@algolia/logger-common": "4.10.5",
        "@algolia/logger-console": "4.10.5",
        "@algolia/requester-browser-xhr": "4.10.5",
        "@algolia/requester-common": "4.10.5",
        "@algolia/requester-node-http": "4.10.5",
        "@algolia/transporter": "4.10.5"
      }
    },
    "node_modules/dotenv": {
      "version": "10.0.0",
      "resolved": "https://registry.npmjs.org/dotenv/-/dotenv-10.0.0.tgz",
      "integrity": "sha512-rlBi9d8jpv9Sf1klPjNfFAuWDjKLwTIJJ/VxtoTwIR6hnZxcEOQCZg2oIL3MWBYw5GpUDKOEnND7LXTbIpQ03Q==",
      "dev": true,
      "engines": {
        "node": ">=10"
      }
    }
  },
  "dependencies": {
    "@algolia/cache-browser-local-storage": {
      "version": "4.10.5",
      "resolved": "https://registry.npmjs.org/@algolia/cache-browser-local-storage/-/cache-browser-local-storage-4.10.5.tgz",
      "integrity": "sha512-cfX2rEKOtuuljcGI5DMDHClwZHdDqd2nT2Ohsc8aHtBiz6bUxKVyIqxr2gaC6tU8AgPtrTVBzcxCA+UavXpKww==",
      "dev": true,
      "requires": {
        "@algolia/cache-common": "4.10.5"
      }
    },
    "@algolia/cache-common": {
      "version": "4.10.5",
      "resolved": "https://registry.npmjs.org/@algolia/cache-common/-/cache-common-4.10.5.tgz",
      "integrity": "sha512-1mClwdmTHll+OnHkG+yeRoFM17kSxDs4qXkjf6rNZhoZGXDvfYLy3YcZ1FX4Kyz0DJv8aroq5RYGBDsWkHj6Tw==",
      "dev": true
    },
    "@algolia/cache-in-memory": {
      "version": "4.10.5",
      "resolved": "https://registry.npmjs.org/@algolia/cache-in-memory/-/cache-in-memory-4.10.5.tgz",
      "integrity": "sha512-+ciQnfIGi5wjMk02XhEY8fmy2pzy+oY1nIIfu8LBOglaSipCRAtjk6WhHc7/KIbXPiYzIwuDbM2K1+YOwSGjwA==",
      "dev": true,
      "requires": {
        "@algolia/cache-common": "4.10.5"
      }
    },
    "@algolia/client-account": {
      "version": "4.10.5",
      "resolved": "https://registry.npmjs.org/@algolia/client-account/-/client-account-4.10.5.tgz",
      "integrity": "sha512-I9UkSS2glXm7RBZYZIALjBMmXSQbw/fI/djPcBHxiwXIheNIlqIFl2SNPkvihpPF979BSkzjqdJNRPhE1vku3Q==",
      "dev": true,
      "requires": {
        "@algolia/client-common": "4.10.5",
        "@algolia/client-search": "4.10.5",
        "@algolia/transporter": "4.10.5"
      }
    },
    "@algolia/client-analytics": {
      "version": "4.10.5",
      "resolved": "https://registry.npmjs.org/@algolia/client-analytics/-/client-analytics-4.10.5.tgz",
      "integrity": "sha512-h2owwJSkovPxzc+xIsjY1pMl0gj+jdVwP9rcnGjlaTY2fqHbSLrR9yvGyyr6305LvTppxsQnfAbRdE/5Z3eFxw==",
      "dev": true,
      "requires": {
        "@algolia/client-common": "4.10.5",
        "@algolia/client-search": "4.10.5",
        "@algolia/requester-common": "4.10.5",
        "@algolia/transporter": "4.10.5"
      }
    },
    "@algolia/client-common": {
      "version": "4.10.5",
      "resolved": "https://registry.npmjs.org/@algolia/client-common/-/client-common-4.10.5.tgz",
      "integrity": "sha512-21FAvIai5qm8DVmZHm2Gp4LssQ/a0nWwMchAx+1hIRj1TX7OcdW6oZDPyZ8asQdvTtK7rStQrRnD8a95SCUnzA==",
      "dev": true,
      "requires": {
        "@algolia/requester-common": "4.10.5",
        "@algolia/transporter": "4.10.5"
      }
    },
    "@algolia/client-personalization": {
      "version": "4.10.5",
      "resolved": "https://registry.npmjs.org/@algolia/client-personalization/-/client-personalization-4.10.5.tgz",
      "integrity": "sha512-nH+IyFKBi8tCyzGOanJTbXC5t4dspSovX3+ABfmwKWUYllYzmiQNFUadpb3qo+MLA3jFx5IwBesjneN6dD5o3w==",
      "dev": true,
      "requires": {
        "@algolia/client-common": "4.10.5",
        "@algolia/requester-common": "4.10.5",
        "@algolia/transporter": "4.10.5"
      }
    },
    "@algolia/client-search": {
      "version": "4.10.5",
      "resolved": "https://registry.npmjs.org/@algolia/client-search/-/client-search-4.10.5.tgz",
      "integrity": "sha512-1eQFMz9uodrc5OM+9HeT+hHcfR1E1AsgFWXwyJ9Q3xejA2c1c4eObGgOgC9ZoshuHHdptaTN1m3rexqAxXRDBg==",
      "dev": true,
      "requires": {
        "@algolia/client-common": "4.10.5",
        "@algolia/requester-common": "4.10.5",
        "@algolia/transporter": "4.10.5"
      }
    },
    "@algolia/logger-common": {
      "version": "4.10.5",
      "resolved": "https://registry.npmjs.org/@algolia/logger-common/-/logger-common-4.10.5.tgz",
      "integrity": "sha512-gRJo9zt1UYP4k3woEmZm4iuEBIQd/FrArIsjzsL/b+ihNoOqIxZKTSuGFU4UUZOEhvmxDReiA4gzvQXG+TMTmA==",
      "dev": true
    },
    "@algolia/logger-console": {
      "version": "4.10.5",
      "resolved": "https://registry.npmjs.org/@algolia/logger-console/-/logger-console-4.10.5.tgz",
      "integrity": "sha512-4WfIbn4253EDU12u9UiYvz+QTvAXDv39mKNg9xSoMCjKE5szcQxfcSczw2byc6pYhahOJ9PmxPBfs1doqsdTKQ==",
      "dev": true,
      "requires": {
        "@algolia/logger-common": "4.10.5"
      }
    },
    "@algolia/requester-browser-xhr": {
      "version": "4.10.5",
      "resolved": "https://registry.npmjs.org/@algolia/requester-browser-xhr/-/requester-browser-xhr-4.10.5.tgz",
      "integrity": "sha512-53/MURQEqtK+bGdfq4ITSPwTh5hnADU99qzvpAINGQveUFNSFGERipJxHjTJjIrjFz3vxj5kKwjtxDnU6ygO9g==",
      "dev": true,
      "requires": {
        "@algolia/requester-common": "4.10.5"
      }
    },
    "@algolia/requester-common": {
      "version": "4.10.5",
      "resolved": "https://registry.npmjs.org/@algolia/requester-common/-/requester-common-4.10.5.tgz",
      "integrity": "sha512-UkVa1Oyuj6NPiAEt5ZvrbVopEv1m/mKqjs40KLB+dvfZnNcj+9Fry4Oxnt15HMy/HLORXsx4UwcthAvBuOXE9Q==",
      "dev": true
    },
    "@algolia/requester-node-http": {
      "version": "4.10.5",
      "resolved": "https://registry.npmjs.org/@algolia/requester-node-http/-/requester-node-http-4.10.5.tgz",
      "integrity": "sha512-aNEKVKXL4fiiC+bS7yJwAHdxln81ieBwY3tsMCtM4zF9f5KwCzY2OtN4WKEZa5AAADVcghSAUdyjs4AcGUlO5w==",
      "dev": true,
      "requires": {
        "@algolia/requester-common": "4.10.5"
      }
    },
    "@algolia/transporter": {
      "version": "4.10.5",
      "resolved": "https://registry.npmjs.org/@algolia/transporter/-/transporter-4.10.5.tgz",
      "integrity": "sha512-F8DLkmIlvCoMwSCZA3FKHtmdjH3o5clbt0pi2ktFStVNpC6ZDmY307HcK619bKP5xW6h8sVJhcvrLB775D2cyA==",
      "dev": true,
      "requires": {
        "@algolia/cache-common": "4.10.5",
        "@algolia/logger-common": "4.10.5",
        "@algolia/requester-common": "4.10.5"
      }
    },
    "algoliasearch": {
      "version": "4.10.5",
      "resolved": "https://registry.npmjs.org/algoliasearch/-/algoliasearch-4.10.5.tgz",
      "integrity": "sha512-KmH2XkiN+8FxhND4nWFbQDkIoU6g2OjfeU9kIv4Lb+EiOOs3Gpp7jvd+JnatsCisAZsnWQdjd7zVlW7I/85QvQ==",
      "dev": true,
      "requires": {
        "@algolia/cache-browser-local-storage": "4.10.5",
        "@algolia/cache-common": "4.10.5",
        "@algolia/cache-in-memory": "4.10.5",
        "@algolia/client-account": "4.10.5",
        "@algolia/client-analytics": "4.10.5",
        "@algolia/client-common": "4.10.5",
        "@algolia/client-personalization": "4.10.5",
        "@algolia/client-search": "4.10.5",
        "@algolia/logger-common": "4.10.5",
        "@algolia/logger-console": "4.10.5",
        "@algolia/requester-browser-xhr": "4.10.5",
        "@algolia/requester-common": "4.10.5",
        "@algolia/requester-node-http": "4.10.5",
        "@algolia/transporter": "4.10.5"
      }
    },
    "dotenv": {
      "version": "10.0.0",
      "resolved": "https://registry.npmjs.org/dotenv/-/dotenv-10.0.0.tgz",
      "integrity": "sha512-rlBi9d8jpv9Sf1klPjNfFAuWDjKLwTIJJ/VxtoTwIR6hnZxcEOQCZg2oIL3MWBYw5GpUDKOEnND7LXTbIpQ03Q==",
      "dev": true
    }
  }
}
