# THIS IS AN AUTOGENERATED FILE. DO NOT EDIT THIS FILE DIRECTLY.
# yarn lockfile v1


"@algolia/abtesting@1.8.0":
  version "1.8.0"
  resolved "https://registry.npmjs.org/@algolia/abtesting/-/abtesting-1.8.0.tgz"
  integrity sha512-Hb4BkGNnvgCj3F9XzqjiFTpA5IGkjOXwGAOV13qtc27l2qNF8X9rzSp1H5hu8XewlC0DzYtQtZZIOYzRZDyuXg==
  dependencies:
    "@algolia/client-common" "5.42.0"
    "@algolia/requester-browser-xhr" "5.42.0"
    "@algolia/requester-fetch" "5.42.0"
    "@algolia/requester-node-http" "5.42.0"

"@algolia/client-abtesting@5.42.0":
  version "5.42.0"
  resolved "https://registry.npmjs.org/@algolia/client-abtesting/-/client-abtesting-5.42.0.tgz"
  integrity sha512-JLyyG7bb7XOda+w/sp8ch7rEVy6LnWs3qtxr6VJJ2XIINqGsY6U+0L3aJ6QFliBRNUeEAr2QBDxSm8u9Sal5uA==
  dependencies:
    "@algolia/client-common" "5.42.0"
    "@algolia/requester-browser-xhr" "5.42.0"
    "@algolia/requester-fetch" "5.42.0"
    "@algolia/requester-node-http" "5.42.0"

"@algolia/client-analytics@5.42.0":
  version "5.42.0"
  resolved "https://registry.npmjs.org/@algolia/client-analytics/-/client-analytics-5.42.0.tgz"
  integrity sha512-SkCrvtZpdSWjNq9NGu/TtOg4TbzRuUToXlQqV6lLePa2s/WQlEyFw7QYjrz4itprWG9ASuH+StDlq7n49F2sBA==
  dependencies:
    "@algolia/client-common" "5.42.0"
    "@algolia/requester-browser-xhr" "5.42.0"
    "@algolia/requester-fetch" "5.42.0"
    "@algolia/requester-node-http" "5.42.0"

"@algolia/client-common@5.42.0":
  version "5.42.0"
  resolved "https://registry.npmjs.org/@algolia/client-common/-/client-common-5.42.0.tgz"
  integrity sha512-6iiFbm2tRn6B2OqFv9XDTcw5LdWPudiJWIbRk+fsTX+hkPrPm4e1/SbU+lEYBciPoaTShLkDbRge4UePEyCPMQ==

"@algolia/client-insights@5.42.0":
  version "5.42.0"
  resolved "https://registry.npmjs.org/@algolia/client-insights/-/client-insights-5.42.0.tgz"
  integrity sha512-iEokmw2k6FBa8g/TT7ClyEriaP/FUEmz3iczRoCklEHWSgoABMkaeYrxRXrA2yx76AN+gyZoC8FX0iCJ55dsOg==
  dependencies:
    "@algolia/client-common" "5.42.0"
    "@algolia/requester-browser-xhr" "5.42.0"
    "@algolia/requester-fetch" "5.42.0"
    "@algolia/requester-node-http" "5.42.0"

"@algolia/client-personalization@5.42.0":
  version "5.42.0"
  resolved "https://registry.npmjs.org/@algolia/client-personalization/-/client-personalization-5.42.0.tgz"
  integrity sha512-ivVniRqX2ARd+jGvRHTxpWeOtO9VT+rK+OmiuRgkSunoTyxk0vjeDO7QkU7+lzBOXiYgakNjkZrBtIpW9c+muw==
  dependencies:
    "@algolia/client-common" "5.42.0"
    "@algolia/requester-browser-xhr" "5.42.0"
    "@algolia/requester-fetch" "5.42.0"
    "@algolia/requester-node-http" "5.42.0"

"@algolia/client-query-suggestions@5.42.0":
  version "5.42.0"
  resolved "https://registry.npmjs.org/@algolia/client-query-suggestions/-/client-query-suggestions-5.42.0.tgz"
  integrity sha512-9+BIw6rerUfA+eLMIS2lF4mgoeBGTCIHiqb35PLn3699Rm3CaJXz03hChdwAWcA6SwGw0haYXYJa7LF0xI6EpA==
  dependencies:
    "@algolia/client-common" "5.42.0"
    "@algolia/requester-browser-xhr" "5.42.0"
    "@algolia/requester-fetch" "5.42.0"
    "@algolia/requester-node-http" "5.42.0"

"@algolia/client-search@5.42.0":
  version "5.42.0"
  resolved "https://registry.npmjs.org/@algolia/client-search/-/client-search-5.42.0.tgz"
  integrity sha512-NZR7yyHj2WzK6D5X8gn+/KOxPdzYEXOqVdSaK/biU8QfYUpUuEA0sCWg/XlO05tPVEcJelF/oLrrNY3UjRbOww==
  dependencies:
    "@algolia/client-common" "5.42.0"
    "@algolia/requester-browser-xhr" "5.42.0"
    "@algolia/requester-fetch" "5.42.0"
    "@algolia/requester-node-http" "5.42.0"

"@algolia/ingestion@1.42.0":
  version "1.42.0"
  resolved "https://registry.npmjs.org/@algolia/ingestion/-/ingestion-1.42.0.tgz"
  integrity sha512-MBkjRymf4BT6VOvMpJlg6kq8K+PkH9q+N+K4YMNdzTXlL40YwOa1wIWQ5LxP/Jhlz64kW5g9/oaMWY06Sy9dcw==
  dependencies:
    "@algolia/client-common" "5.42.0"
    "@algolia/requester-browser-xhr" "5.42.0"
    "@algolia/requester-fetch" "5.42.0"
    "@algolia/requester-node-http" "5.42.0"

"@algolia/monitoring@1.42.0":
  version "1.42.0"
  resolved "https://registry.npmjs.org/@algolia/monitoring/-/monitoring-1.42.0.tgz"
  integrity sha512-kmLs7YfjT4cpr4FnhhRmnoSX4psh9KYZ9NAiWt/YcUV33m0B/Os5L4QId30zVXkOqAPAEpV5VbDPWep+/aoJdQ==
  dependencies:
    "@algolia/client-common" "5.42.0"
    "@algolia/requester-browser-xhr" "5.42.0"
    "@algolia/requester-fetch" "5.42.0"
    "@algolia/requester-node-http" "5.42.0"

"@algolia/recommend@5.42.0":
  version "5.42.0"
  resolved "https://registry.npmjs.org/@algolia/recommend/-/recommend-5.42.0.tgz"
  integrity sha512-U5yZ8+Jj+A4ZC0IMfElpPcddQ9NCoawD1dKyWmjHP49nzN2Z4284IFVMAJWR6fq/0ddGf4OMjjYO9cnF8L+5tw==
  dependencies:
    "@algolia/client-common" "5.42.0"
    "@algolia/requester-browser-xhr" "5.42.0"
    "@algolia/requester-fetch" "5.42.0"
    "@algolia/requester-node-http" "5.42.0"

"@algolia/requester-browser-xhr@5.42.0":
  version "5.42.0"
  resolved "https://registry.npmjs.org/@algolia/requester-browser-xhr/-/requester-browser-xhr-5.42.0.tgz"
  integrity sha512-EbuxgteaYBlKgc2Fs3JzoPIKAIaevAIwmv1F+fakaEXeibG4pkmVNsyTUjpOZIgJ1kXeqNvDrcjRb6g3vYBJ9A==
  dependencies:
    "@algolia/client-common" "5.42.0"

"@algolia/requester-fetch@5.42.0":
  version "5.42.0"
  resolved "https://registry.npmjs.org/@algolia/requester-fetch/-/requester-fetch-5.42.0.tgz"
  integrity sha512-4vnFvY5Q8QZL9eDNkywFLsk/eQCRBXCBpE8HWs8iUsFNHYoamiOxAeYMin0W/nszQj6abc+jNxMChHmejO+ftQ==
  dependencies:
    "@algolia/client-common" "5.42.0"

"@algolia/requester-node-http@5.42.0":
  version "5.42.0"
  resolved "https://registry.npmjs.org/@algolia/requester-node-http/-/requester-node-http-5.42.0.tgz"
  integrity sha512-gkLNpU+b1pCIwk1hKTJz2NWQPT8gsfGhQasnZ5QVv4jd79fKRL/1ikd86P0AzuIQs9tbbhlMwxsSTyJmlq502w==
  dependencies:
    "@algolia/client-common" "5.42.0"

algoliasearch@^5.42.0:
  version "5.42.0"
  resolved "https://registry.npmjs.org/algoliasearch/-/algoliasearch-5.42.0.tgz"
  integrity sha512-X5+PtWc9EJIPafT/cj8ZG+6IU3cjRRnlHGtqMHK/9gsiupQbAyYlH5y7qt/FtsAhfX5AICHffZy69ZAsVrxWkQ==
  dependencies:
    "@algolia/abtesting" "1.8.0"
    "@algolia/client-abtesting" "5.42.0"
    "@algolia/client-analytics" "5.42.0"
    "@algolia/client-common" "5.42.0"
    "@algolia/client-insights" "5.42.0"
    "@algolia/client-personalization" "5.42.0"
    "@algolia/client-query-suggestions" "5.42.0"
    "@algolia/client-search" "5.42.0"
    "@algolia/ingestion" "1.42.0"
    "@algolia/monitoring" "1.42.0"
    "@algolia/recommend" "5.42.0"
    "@algolia/requester-browser-xhr" "5.42.0"
    "@algolia/requester-fetch" "5.42.0"
    "@algolia/requester-node-http" "5.42.0"

dotenv@^10.0.0:
  version "10.0.0"
  resolved "https://registry.npmjs.org/dotenv/-/dotenv-10.0.0.tgz"
  integrity sha512-rlBi9d8jpv9Sf1klPjNfFAuWDjKLwTIJJ/VxtoTwIR6hnZxcEOQCZg2oIL3MWBYw5GpUDKOEnND7LXTbIpQ03Q==
