# THIS IS AN AUTOGENERATED FILE. DO NOT EDIT THIS FILE DIRECTLY.
# yarn lockfile v1


"@algolia/cache-browser-local-storage@4.11.0":
  version "4.11.0"
  resolved "https://registry.yarnpkg.com/@algolia/cache-browser-local-storage/-/cache-browser-local-storage-4.11.0.tgz#1c168add00b398a860db6c86039e33b2843a9425"
  integrity sha512-4sr9vHIG1fVA9dONagdzhsI/6M5mjs/qOe2xUP0yBmwsTsuwiZq3+Xu6D3dsxsuFetcJgC6ydQoCW8b7fDJHYQ==
  dependencies:
    "@algolia/cache-common" "4.11.0"

"@algolia/cache-common@4.11.0":
  version "4.11.0"
  resolved "https://registry.yarnpkg.com/@algolia/cache-common/-/cache-common-4.11.0.tgz#066fe6d58b18e4b028dbef9bb8de07c5e22a3594"
  integrity sha512-lODcJRuPXqf+6mp0h6bOxPMlbNoyn3VfjBVcQh70EDP0/xExZbkpecgHyyZK4kWg+evu+mmgvTK3GVHnet/xKw==

"@algolia/cache-in-memory@4.11.0":
  version "4.11.0"
  resolved "https://registry.yarnpkg.com/@algolia/cache-in-memory/-/cache-in-memory-4.11.0.tgz#763c8cb655e6fd2261588e04214fca0959ac07c1"
  integrity sha512-aBz+stMSTBOBaBEQ43zJXz2DnwS7fL6dR0e2myehAgtfAWlWwLDHruc/98VOy1ZAcBk1blE2LCU02bT5HekGxQ==
  dependencies:
    "@algolia/cache-common" "4.11.0"

"@algolia/client-account@4.11.0":
  version "4.11.0"
  resolved "https://registry.yarnpkg.com/@algolia/client-account/-/client-account-4.11.0.tgz#67fadd3b0802b013ebaaa4b47bb7babae892374e"
  integrity sha512-jwmFBoUSzoMwMqgD3PmzFJV/d19p1RJXB6C1ADz4ju4mU7rkaQLtqyZroQpheLoU5s5Tilmn/T8/0U2XLoJCRQ==
  dependencies:
    "@algolia/client-common" "4.11.0"
    "@algolia/client-search" "4.11.0"
    "@algolia/transporter" "4.11.0"

"@algolia/client-analytics@4.11.0":
  version "4.11.0"
  resolved "https://registry.yarnpkg.com/@algolia/client-analytics/-/client-analytics-4.11.0.tgz#cbdc8128205e2da749cafc79e54708d14c413974"
  integrity sha512-v5U9585aeEdYml7JqggHAj3E5CQ+jPwGVztPVhakBk8H/cmLyPS2g8wvmIbaEZCHmWn4TqFj3EBHVYxAl36fSA==
  dependencies:
    "@algolia/client-common" "4.11.0"
    "@algolia/client-search" "4.11.0"
    "@algolia/requester-common" "4.11.0"
    "@algolia/transporter" "4.11.0"

"@algolia/client-common@4.11.0":
  version "4.11.0"
  resolved "https://registry.yarnpkg.com/@algolia/client-common/-/client-common-4.11.0.tgz#9a2d1f6f8eaad25ba5d6d4ce307ba5bd84e6f999"
  integrity sha512-Qy+F+TZq12kc7tgfC+FM3RvYH/Ati7sUiUv/LkvlxFwNwNPwWGoZO81AzVSareXT/ksDDrabD4mHbdTbBPTRmQ==
  dependencies:
    "@algolia/requester-common" "4.11.0"
    "@algolia/transporter" "4.11.0"

"@algolia/client-personalization@4.11.0":
  version "4.11.0"
  resolved "https://registry.yarnpkg.com/@algolia/client-personalization/-/client-personalization-4.11.0.tgz#d3bf0e760f85df876b4baf5b81996f0aa3a59940"
  integrity sha512-mI+X5IKiijHAzf9fy8VSl/GTT67dzFDnJ0QAM8D9cMPevnfX4U72HRln3Mjd0xEaYUOGve8TK/fMg7d3Z5yG6g==
  dependencies:
    "@algolia/client-common" "4.11.0"
    "@algolia/requester-common" "4.11.0"
    "@algolia/transporter" "4.11.0"

"@algolia/client-search@4.11.0":
  version "4.11.0"
  resolved "https://registry.yarnpkg.com/@algolia/client-search/-/client-search-4.11.0.tgz#c1105d715a2a04ba27231eca86f5d6620f68f4ae"
  integrity sha512-iovPLc5YgiXBdw2qMhU65sINgo9umWbHFzInxoNErWnYoTQWfXsW6P54/NlKx5uscoLVjSf+5RUWwFu5BX+lpw==
  dependencies:
    "@algolia/client-common" "4.11.0"
    "@algolia/requester-common" "4.11.0"
    "@algolia/transporter" "4.11.0"

"@algolia/logger-common@4.11.0":
  version "4.11.0"
  resolved "https://registry.yarnpkg.com/@algolia/logger-common/-/logger-common-4.11.0.tgz#bac1c2d59d29dee378b57412c8edd435b97de663"
  integrity sha512-pRMJFeOY8hoWKIxWuGHIrqnEKN/kqKh7UilDffG/+PeEGxBuku+Wq5CfdTFG0C9ewUvn8mAJn5BhYA5k8y0Jqg==

"@algolia/logger-console@4.11.0":
  version "4.11.0"
  resolved "https://registry.yarnpkg.com/@algolia/logger-console/-/logger-console-4.11.0.tgz#ced19e3abb22eb782ed5268d51efb5aa9ef109ef"
  integrity sha512-wXztMk0a3VbNmYP8Kpc+F7ekuvaqZmozM2eTLok0XIshpAeZ/NJDHDffXK2Pw+NF0wmHqurptLYwKoikjBYvhQ==
  dependencies:
    "@algolia/logger-common" "4.11.0"

"@algolia/requester-browser-xhr@4.11.0":
  version "4.11.0"
  resolved "https://registry.yarnpkg.com/@algolia/requester-browser-xhr/-/requester-browser-xhr-4.11.0.tgz#f9e1ad56f185432aa8dde8cad53ae271fd5d6181"
  integrity sha512-Fp3SfDihAAFR8bllg8P5ouWi3+qpEVN5e7hrtVIYldKBOuI/qFv80Zv/3/AMKNJQRYglS4zWyPuqrXm58nz6KA==
  dependencies:
    "@algolia/requester-common" "4.11.0"

"@algolia/requester-common@4.11.0":
  version "4.11.0"
  resolved "https://registry.yarnpkg.com/@algolia/requester-common/-/requester-common-4.11.0.tgz#d16de98d3ff72434bac39e4d915eab08035946a9"
  integrity sha512-+cZGe/9fuYgGuxjaBC+xTGBkK7OIYdfapxhfvEf03dviLMPmhmVYFJtJlzAjQ2YmGDJpHrGgAYj3i/fbs8yhiA==

"@algolia/requester-node-http@4.11.0":
  version "4.11.0"
  resolved "https://registry.yarnpkg.com/@algolia/requester-node-http/-/requester-node-http-4.11.0.tgz#beb2b6b68d5f4ce15aec80ede623f0ac96991368"
  integrity sha512-qJIk9SHRFkKDi6dMT9hba8X1J1z92T5AZIgl+tsApjTGIRQXJLTIm+0q4yOefokfu4CoxYwRZ9QAq+ouGwfeOg==
  dependencies:
    "@algolia/requester-common" "4.11.0"

"@algolia/transporter@4.11.0":
  version "4.11.0"
  resolved "https://registry.yarnpkg.com/@algolia/transporter/-/transporter-4.11.0.tgz#a8de3c173093ceceb02b26b577395ce3b3d4b96f"
  integrity sha512-k4dyxiaEfYpw4UqybK9q7lrFzehygo6KV3OCYJMMdX0IMWV0m4DXdU27c1zYRYtthaFYaBzGF4Kjcl8p8vxCKw==
  dependencies:
    "@algolia/cache-common" "4.11.0"
    "@algolia/logger-common" "4.11.0"
    "@algolia/requester-common" "4.11.0"

algoliasearch@^4.10.5:
  version "4.11.0"
  resolved "https://registry.yarnpkg.com/algoliasearch/-/algoliasearch-4.11.0.tgz#234befb3ac355c094077f0edf3777240b1ee013c"
  integrity sha512-IXRj8kAP2WrMmj+eoPqPc6P7Ncq1yZkFiyDrjTBObV1ADNL8Z/KdZ+dWC5MmYcBLAbcB/mMCpak5N/D1UIZvsA==
  dependencies:
    "@algolia/cache-browser-local-storage" "4.11.0"
    "@algolia/cache-common" "4.11.0"
    "@algolia/cache-in-memory" "4.11.0"
    "@algolia/client-account" "4.11.0"
    "@algolia/client-analytics" "4.11.0"
    "@algolia/client-common" "4.11.0"
    "@algolia/client-personalization" "4.11.0"
    "@algolia/client-search" "4.11.0"
    "@algolia/logger-common" "4.11.0"
    "@algolia/logger-console" "4.11.0"
    "@algolia/requester-browser-xhr" "4.11.0"
    "@algolia/requester-common" "4.11.0"
    "@algolia/requester-node-http" "4.11.0"
    "@algolia/transporter" "4.11.0"

dotenv@^10.0.0:
  version "10.0.0"
  resolved "https://registry.yarnpkg.com/dotenv/-/dotenv-10.0.0.tgz#3d4227b8fb95f81096cdd2b66653fb2c7085ba81"
  integrity sha512-rlBi9d8jpv9Sf1klPjNfFAuWDjKLwTIJJ/VxtoTwIR6hnZxcEOQCZg2oIL3MWBYw5GpUDKOEnND7LXTbIpQ03Q==
